
Microsoft Visual Studio Solution File, Format Version 12.00
# Visual Studio 2015
Project("{FAE04EC0-301F-11D3-BF4B-00C04F79EFBC}") = "TeamSix", "TeamSix.csproj", "{C86119E1-51F9-7913-6D10-57987E525B88}"
EndProject
Global
	GlobalSection(SolutionConfigurationPlatforms) = preSolution
		Debug|Any CPU = Debug|Any CPU
		Release|Any CPU = Release|Any CPU
	EndGlobalSection
	GlobalSection(ProjectConfigurationPlatforms) = postSolution
		{C86119E1-51F9-7913-6D10-57987E525B88}.Debug|Any CPU.ActiveCfg = Debug|Any CPU
		{C86119E1-51F9-7913-6D10-57987E525B88}.Debug|Any CPU.Build.0 = Debug|Any CPU
		{C86119E1-51F9-7913-6D10-57987E525B88}.Release|Any CPU.ActiveCfg = Release|Any CPU
		{C86119E1-51F9-7913-6D10-57987E525B88}.Release|Any CPU.Build.0 = Release|Any CPU
	EndGlobalSection
	GlobalSection(SolutionProperties) = preSolution
		HideSolutionNode = FALSE
	EndGlobalSection
EndGlobal
